
Microsoft Visual Studio Solution File, Format Version 12.00
# Visual Studio Version 17
VisualStudioVersion = 17.8.34330.188
MinimumVisualStudioVersion = 10.0.40219.1
Project("{8BC9CEB8-8B4A-11D0-8D11-00A0C91BC942}") = "ShareAudio", "ShareAudio.vcxproj", "{2BE2976D-B065-48CC-9424-8DADF6EE7DA9}"
	ProjectSection(ProjectDependencies) = postProject
		{0A18A071-125E-442F-AFF7-A3F68ABECF99} = {0A18A071-125E-442F-AFF7-A3F68ABECF99}
	EndProjectSection
EndProject
Project("{8BC9CEB8-8B4A-11D0-8D11-00A0C91BC942}") = "portaudio", "msvc\portaudio\portaudio.vcxproj", "{0A18A071-125E-442F-AFF7-A3F68ABECF99}"
EndProject
Project("{8BC9CEB8-8B4A-11D0-8D11-00A0C91BC942}") = "libShareAudio", "msvc\libShareAudio\libShareAudio.vcxproj", "{08D89CDD-0E4A-4B29-B206-E72F3FA96291}"
EndProject
Global
	GlobalSection(SolutionConfigurationPlatforms) = preSolution
		Debug|ARM64 = Debug|ARM64
		Debug|x64 = Debug|x64
		Debug|x86 = Debug|x86
		Release|ARM64 = Release|ARM64
		Release|x64 = Release|x64
		Release|x86 = Release|x86
	EndGlobalSection
	GlobalSection(ProjectConfigurationPlatforms) = postSolution
		{2BE2976D-B065-48CC-9424-8DADF6EE7DA9}.Debug|ARM64.ActiveCfg = Debug|ARM64
		{2BE2976D-B065-48CC-9424-8DADF6EE7DA9}.Debug|ARM64.Build.0 = Debug|ARM64
		{2BE2976D-B065-48CC-9424-8DADF6EE7DA9}.Debug|x64.ActiveCfg = Debug|x64
		{2BE2976D-B065-48CC-9424-8DADF6EE7DA9}.Debug|x64.Build.0 = Debug|x64
		{2BE2976D-B065-48CC-9424-8DADF6EE7DA9}.Debug|x86.ActiveCfg = Debug|Win32
		{2BE2976D-B065-48CC-9424-8DADF6EE7DA9}.Debug|x86.Build.0 = Debug|Win32
		{2BE2976D-B065-48CC-9424-8DADF6EE7DA9}.Release|ARM64.ActiveCfg = Release|ARM64
		{2BE2976D-B065-48CC-9424-8DADF6EE7DA9}.Release|ARM64.Build.0 = Release|ARM64
		{2BE2976D-B065-48CC-9424-8DADF6EE7DA9}.Release|x64.ActiveCfg = Release|x64
		{2BE2976D-B065-48CC-9424-8DADF6EE7DA9}.Release|x64.Build.0 = Release|x64
		{2BE2976D-B065-48CC-9424-8DADF6EE7DA9}.Release|x86.ActiveCfg = Release|Win32
		{2BE2976D-B065-48CC-9424-8DADF6EE7DA9}.Release|x86.Build.0 = Release|Win32
		{0A18A071-125E-442F-AFF7-A3F68ABECF99}.Debug|ARM64.ActiveCfg = Debug|ARM64
		{0A18A071-125E-442F-AFF7-A3F68ABECF99}.Debug|ARM64.Build.0 = Debug|ARM64
		{0A18A071-125E-442F-AFF7-A3F68ABECF99}.Debug|x64.ActiveCfg = Debug|x64
		{0A18A071-125E-442F-AFF7-A3F68ABECF99}.Debug|x64.Build.0 = Debug|x64
		{0A18A071-125E-442F-AFF7-A3F68ABECF99}.Debug|x86.ActiveCfg = Debug|Win32
		{0A18A071-125E-442F-AFF7-A3F68ABECF99}.Debug|x86.Build.0 = Debug|Win32
		{0A18A071-125E-442F-AFF7-A3F68ABECF99}.Release|ARM64.ActiveCfg = Release|ARM64
		{0A18A071-125E-442F-AFF7-A3F68ABECF99}.Release|ARM64.Build.0 = Release|ARM64
		{0A18A071-125E-442F-AFF7-A3F68ABECF99}.Release|x64.ActiveCfg = Release|x64
		{0A18A071-125E-442F-AFF7-A3F68ABECF99}.Release|x64.Build.0 = Release|x64
		{0A18A071-125E-442F-AFF7-A3F68ABECF99}.Release|x86.ActiveCfg = Release|Win32
		{0A18A071-125E-442F-AFF7-A3F68ABECF99}.Release|x86.Build.0 = Release|Win32
		{08D89CDD-0E4A-4B29-B206-E72F3FA96291}.Debug|ARM64.ActiveCfg = Debug|ARM64
		{08D89CDD-0E4A-4B29-B206-E72F3FA96291}.Debug|ARM64.Build.0 = Debug|ARM64
		{08D89CDD-0E4A-4B29-B206-E72F3FA96291}.Debug|x64.ActiveCfg = Debug|x64
		{08D89CDD-0E4A-4B29-B206-E72F3FA96291}.Debug|x64.Build.0 = Debug|x64
		{08D89CDD-0E4A-4B29-B206-E72F3FA96291}.Debug|x86.ActiveCfg = Debug|Win32
		{08D89CDD-0E4A-4B29-B206-E72F3FA96291}.Debug|x86.Build.0 = Debug|Win32
		{08D89CDD-0E4A-4B29-B206-E72F3FA96291}.Release|ARM64.ActiveCfg = Release|ARM64
		{08D89CDD-0E4A-4B29-B206-E72F3FA96291}.Release|ARM64.Build.0 = Release|ARM64
		{08D89CDD-0E4A-4B29-B206-E72F3FA96291}.Release|x64.ActiveCfg = Release|x64
		{08D89CDD-0E4A-4B29-B206-E72F3FA96291}.Release|x64.Build.0 = Release|x64
		{08D89CDD-0E4A-4B29-B206-E72F3FA96291}.Release|x86.ActiveCfg = Release|Win32
		{08D89CDD-0E4A-4B29-B206-E72F3FA96291}.Release|x86.Build.0 = Release|Win32
	EndGlobalSection
	GlobalSection(SolutionProperties) = preSolution
		HideSolutionNode = FALSE
	EndGlobalSection
	GlobalSection(ExtensibilityGlobals) = postSolution
		SolutionGuid = {BFA687F5-DC81-4728-B8F5-2174A9DC1C21}
	EndGlobalSection
EndGlobal
